// !$*UTF8*$!
{
	archiveVersion = 1;
	classes = {
	};
	objectVersion = 50;
	objects = {

/* Begin PBXBuildFile section */
		6A41C58E2167781500A02C47 /* AppDelegate.swift in Sources */ = {isa = PBXBuildFile; fileRef = 6A41C58D2167781500A02C47 /* AppDelegate.swift */; };
		6A41C5902167781500A02C47 /* TableViewController.swift in Sources */ = {isa = PBXBuildFile; fileRef = 6A41C58F2167781500A02C47 /* TableViewController.swift */; };
		6A41C5932167781500A02C47 /* Main.storyboard in Resources */ = {isa = PBXBuildFile; fileRef = 6A41C5912167781500A02C47 /* Main.storyboard */; };
		6A41C5952167781700A02C47 /* Assets.xcassets in Resources */ = {isa = PBXBuildFile; fileRef = 6A41C5942167781700A02C47 /* Assets.xcassets */; };
		6A41C5982167781700A02C47 /* LaunchScreen.storyboard in Resources */ = {isa = PBXBuildFile; fileRef = 6A41C5962167781700A02C47 /* LaunchScreen.storyboard */; };
		6AD72C75216B67C6007460C1 /* Item.swift in Sources */ = {isa = PBXBuildFile; fileRef = 6AD72C74216B67C6007460C1 /* Item.swift */; };
/* End PBXBuildFile section */

/* Begin PBXFileReference section */
		6A41C58A2167781500A02C47 /* ListToDo.app */ = {isa = PBXFileReference; explicitFileType = wrapper.application; includeInIndex = 0; path = ListToDo.app; sourceTree = BUILT_PRODUCTS_DIR; };
		6A41C58D2167781500A02C47 /* AppDelegate.swift */ = {isa = PBXFileReference; lastKnownFileType = sourcecode.swift; path = AppDelegate.swift; sourceTree = "<group>"; };
		6A41C58F2167781500A02C47 /* TableViewController.swift */ = {isa = PBXFileReference; lastKnownFileType = sourcecode.swift; lineEnding = 1; path = TableViewController.swift; sourceTree = "<group>"; };
		6A41C5922167781500A02C47 /* Base */ = {isa = PBXFileReference; lastKnownFileType = file.storyboard; name = Base; path = Base.lproj/Main.storyboard; sourceTree = "<group>"; };
		6A41C5942167781700A02C47 /* Assets.xcassets */ = {isa = PBXFileReference; lastKnownFileType = folder.assetcatalog; path = Assets.xcassets; sourceTree = "<group>"; };
		6A41C5972167781700A02C47 /* Base */ = {isa = PBXFileReference; lastKnownFileType = file.storyboard; name = Base; path = Base.lproj/LaunchScreen.storyboard; sourceTree = "<group>"; };
		6A41C5992167781700A02C47 /* Info.plist */ = {isa = PBXFileReference; lastKnownFileType = text.plist.xml; path = Info.plist; sourceTree = "<group>"; };
		6AD72C74216B67C6007460C1 /* Item.swift */ = {isa = PBXFileReference; lastKnownFileType = sourcecode.swift; path = Item.swift; sourceTree = "<group>"; };
/* End PBXFileReference section */

/* Begin PBXFrameworksBuildPhase section */
		6A41C5872167781500A02C47 /* Frameworks */ = {
			isa = PBXFrameworksBuildPhase;
			buildActionMask = 2147483647;
			files = (
			);
			runOnlyForDeploymentPostprocessing = 0;
		};
/* End PBXFrameworksBuildPhase section */

/* Begin PBXGroup section */
		6A41C5812167781400A02C47 = {
			isa = PBXGroup;
			children = (
				6A41C58C2167781500A02C47 /* ListToDo */,
				6A41C58B2167781500A02C47 /* Products */,
			);
			sourceTree = "<group>";
		};
		6A41C58B2167781500A02C47 /* Products */ = {
			isa = PBXGroup;
			children = (
				6A41C58A2167781500A02C47 /* ListToDo.app */,
			);
			name = Products;
			sourceTree = "<group>";
		};
		6A41C58C2167781500A02C47 /* ListToDo */ = {
			isa = PBXGroup;
			children = (
				6AD72C78216B688D007460C1 /* Controllers */,
				6AD72C77216B687D007460C1 /* Views */,
				6AD72C73216B67A8007460C1 /* Model */,
				6A41C58D2167781500A02C47 /* AppDelegate.swift */,
				6AD72C76216B684E007460C1 /* Supporting Files */,
				6A41C5992167781700A02C47 /* Info.plist */,
			);
			path = ListToDo;
			sourceTree = "<group>";
		};
		6AD72C73216B67A8007460C1 /* Model */ = {
			isa = PBXGroup;
			children = (
				6AD72C74216B67C6007460C1 /* Item.swift */,
			);
			path = Model;
			sourceTree = "<group>";
		};
		6AD72C76216B684E007460C1 /* Supporting Files */ = {
			isa = PBXGroup;
			children = (
				6A41C5942167781700A02C47 /* Assets.xcassets */,
				6A41C5962167781700A02C47 /* LaunchScreen.storyboard */,
			);
			path = "Supporting Files";
			sourceTree = "<group>";
		};
		6AD72C77216B687D007460C1 /* Views */ = {
			isa = PBXGroup;
			children = (
				6A41C5912167781500A02C47 /* Main.storyboard */,
			);
			path = Views;
			sourceTree = "<group>";
		};
		6AD72C78216B688D007460C1 /* Controllers */ = {
			isa = PBXGroup;
			children = (
				6A41C58F2167781500A02C47 /* TableViewController.swift */,
			);
			path = Controllers;
			sourceTree = "<group>";
		};
/* End PBXGroup section */

/* Begin PBXNativeTarget section */
		6A41C5892167781500A02C47 /* ListToDo */ = {
			isa = PBXNativeTarget;
			buildConfigurationList = 6A41C59C2167781700A02C47 /* Build configuration list for PBXNativeTarget "ListToDo" */;
			buildPhases = (
				6A41C5862167781500A02C47 /* Sources */,
				6A41C5872167781500A02C47 /* Frameworks */,
				6A41C5882167781500A02C47 /* Resources */,
			);
			buildRules = (
			);
			dependencies = (
			);
			name = ListToDo;
			productName = ListToDo;
			productReference = 6A41C58A2167781500A02C47 /* ListToDo.app */;
			productType = "com.apple.product-type.application";
		};
/* End PBXNativeTarget section */

/* Begin PBXProject section */
		6A41C5822167781400A02C47 /* Project object */ = {
			isa = PBXProject;
			attributes = {
				LastSwiftUpdateCheck = 1000;
				LastUpgradeCheck = 1000;
				ORGANIZATIONNAME = "Olasiewicz,  Wojciech";
				TargetAttributes = {
					6A41C5892167781500A02C47 = {
						CreatedOnToolsVersion = 10.0;
					};
				};
			};
			buildConfigurationList = 6A41C5852167781400A02C47 /* Build configuration list for PBXProject "ListToDo" */;
			compatibilityVersion = "Xcode 9.3";
			developmentRegion = en;
			hasScannedForEncodings = 0;
			knownRegions = (
				en,
				Base,
			);
			mainGroup = 6A41C5812167781400A02C47;
			productRefGroup = 6A41C58B2167781500A02C47 /* Products */;
			projectDirPath = "";
			projectRoot = "";
			targets = (
				6A41C5892167781500A02C47 /* ListToDo */,
			);
		};
/* End PBXProject section */

/* Begin PBXResourcesBuildPhase section */
		6A41C5882167781500A02C47 /* Resources */ = {
			isa = PBXResourcesBuildPhase;
			buildActionMask = 2147483647;
			files = (
				6A41C5982167781700A02C47 /* LaunchScreen.storyboard in Resources */,
				6A41C5952167781700A02C47 /* Assets.xcassets in Resources */,
				6A41C5932167781500A02C47 /* Main.storyboard in Resources */,
			);
			runOnlyForDeploymentPostprocessing = 0;
		};
/* End PBXResourcesBuildPhase section */

/* Begin PBXSourcesBuildPhase section */
		6A41C5862167781500A02C47 /* Sources */ = {
			isa = PBXSourcesBuildPhase;
			buildActionMask = 2147483647;
			files = (
				6A41C5902167781500A02C47 /* TableViewController.swift in Sources */,
				6AD72C75216B67C6007460C1 /* Item.swift in Sources */,
				6A41C58E2167781500A02C47 /* AppDelegate.swift in Sources */,
			);
			runOnlyForDeploymentPostprocessing = 0;
		};
/* End PBXSourcesBuildPhase section */

/* Begin PBXVariantGroup section */
		6A41C5912167781500A02C47 /* Main.storyboard */ = {
			isa = PBXVariantGroup;
			children = (
				6A41C5922167781500A02C47 /* Base */,
			);
			name = Main.storyboard;
			sourceTree = "<group>";
		};
		6A41C5962167781700A02C47 /* LaunchScreen.storyboard */ = {
			isa = PBXVariantGroup;
			children = (
				6A41C5972167781700A02C47 /* Base */,
			);
			name = LaunchScreen.storyboard;
			sourceTree = "<group>";
		};
/* End PBXVariantGroup section */

/* Begin XCBuildConfiguration section */
		6A41C59A2167781700A02C47 /* Debug */ = {
			isa = XCBuildConfiguration;
			buildSettings = {
				ALWAYS_SEARCH_USER_PATHS = NO;
				CLANG_ANALYZER_NONNULL = YES;
				CLANG_ANALYZER_NUMBER_OBJECT_CONVERSION = YES_AGGRESSIVE;
				CLANG_CXX_LANGUAGE_STANDARD = "gnu++14";
				CLANG_CXX_LIBRARY = "libc++";
				CLANG_ENABLE_MODULES = YES;
				CLANG_ENABLE_OBJC_ARC = YES;
				CLANG_ENABLE_OBJC_WEAK = YES;
				CLANG_WARN_BLOCK_CAPTURE_AUTORELEASING = YES;
				CLANG_WARN_BOOL_CONVERSION = YES;
				CLANG_WARN_COMMA = YES;
				CLANG_WARN_CONSTANT_CONVERSION = YES;
				CLANG_WARN_DEPRECATED_OBJC_IMPLEMENTATIONS = YES;
				CLANG_WARN_DIRECT_OBJC_ISA_USAGE = YES_ERROR;
				CLANG_WARN_DOCUMENTATION_COMMENTS = YES;
				CLANG_WARN_EMPTY_BODY = YES;
				CLANG_WARN_ENUM_CONVERSION = YES;
				CLANG_WARN_INFINITE_RECURSION = YES;
				CLANG_WARN_INT_CONVERSION = YES;
				CLANG_WARN_NON_LITERAL_NULL_CONVERSION = YES;
				CLANG_WARN_OBJC_IMPLICIT_RETAIN_SELF = YES;
				CLANG_WARN_OBJC_LITERAL_CONVERSION = YES;
				CLANG_WARN_OBJC_ROOT_CLASS = YES_ERROR;
				CLANG_WARN_RANGE_LOOP_ANALYSIS = YES;
				CLANG_WARN_STRICT_PROTOTYPES = YES;
				CLANG_WARN_SUSPICIOUS_MOVE = YES;
				CLANG_WARN_UNGUARDED_AVAILABILITY = YES_AGGRESSIVE;
				CLANG_WARN_UNREACHABLE_CODE = YES;
				CLANG_WARN__DUPLICATE_METHOD_MATCH = YES;
				CODE_SIGN_IDENTITY = "iPhone Developer";
				COPY_PHASE_STRIP = NO;
				DEBUG_INFORMATION_FORMAT = dwarf;
				ENABLE_STRICT_OBJC_MSGSEND = YES;
				ENABLE_TESTABILITY = YES;
				GCC_C_LANGUAGE_STANDARD = gnu11;
				GCC_DYNAMIC_NO_PIC = NO;
				GCC_NO_COMMON_BLOCKS = YES;
				GCC_OPTIMIZATION_LEVEL = 0;
				GCC_PREPROCESSOR_DEFINITIONS = (
					"DEBUG=1",
					"$(inherited)",
				);
				GCC_WARN_64_TO_32_BIT_CONVERSION = YES;
				GCC_WARN_ABOUT_RETURN_TYPE = YES_ERROR;
				GCC_WARN_UNDECLARED_SELECTOR = YES;
				GCC_WARN_UNINITIALIZED_AUTOS = YES_AGGRESSIVE;
				GCC_WARN_UNUSED_FUNCTION = YES;
				GCC_WARN_UNUSED_VARIABLE = YES;
				IPHONEOS_DEPLOYMENT_TARGET = 12.0;
				MTL_ENABLE_DEBUG_INFO = INCLUDE_SOURCE;
				MTL_FAST_MATH = YES;
				ONLY_ACTIVE_ARCH = YES;
				SDKROOT = iphoneos;
				SWIFT_ACTIVE_COMPILATION_CONDITIONS = DEBUG;
				SWIFT_OPTIMIZATION_LEVEL = "-Onone";
			};
			name = Debug;
		};
		6A41C59B2167781700A02C47 /* Release */ = {
			isa = XCBuildConfiguration;
			buildSettings = {
				ALWAYS_SEARCH_USER_PATHS = NO;
				CLANG_ANALYZER_NONNULL = YES;
				CLANG_ANALYZER_NUMBER_OBJECT_CONVERSION = YES_AGGRESSIVE;
				CLANG_CXX_LANGUAGE_STANDARD = "gnu++14";
				CLANG_CXX_LIBRARY = "libc++";
				CLANG_ENABLE_MODULES = YES;
				CLANG_ENABLE_OBJC_ARC = YES;
				CLANG_ENABLE_OBJC_WEAK = YES;
				CLANG_WARN_BLOCK_CAPTURE_AUTORELEASING = YES;
				CLANG_WARN_BOOL_CONVERSION = YES;
				CLANG_WARN_COMMA = YES;
				CLANG_WARN_CONSTANT_CONVERSION = YES;
				CLANG_WARN_DEPRECATED_OBJC_IMPLEMENTATIONS = YES;
				CLANG_WARN_DIRECT_OBJC_ISA_USAGE = YES_ERROR;
				CLANG_WARN_DOCUMENTATION_COMMENTS = YES;
				CLANG_WARN_EMPTY_BODY = YES;
				CLANG_WARN_ENUM_CONVERSION = YES;
				CLANG_WARN_INFINITE_RECURSION = YES;
				CLANG_WARN_INT_CONVERSION = YES;
				CLANG_WARN_NON_LITERAL_NULL_CONVERSION = YES;
				CLANG_WARN_OBJC_IMPLICIT_RETAIN_SELF = YES;
				CLANG_WARN_OBJC_LITERAL_CONVERSION = YES;
				CLANG_WARN_OBJC_ROOT_CLASS = YES_ERROR;
				CLANG_WARN_RANGE_LOOP_ANALYSIS = YES;
				CLANG_WARN_STRICT_PROTOTYPES = YES;
				CLANG_WARN_SUSPICIOUS_MOVE = YES;
				CLANG_WARN_UNGUARDED_AVAILABILITY = YES_AGGRESSIVE;
				CLANG_WARN_UNREACHABLE_CODE = YES;
				CLANG_WARN__DUPLICATE_METHOD_MATCH = YES;
				CODE_SIGN_IDENTITY = "iPhone Developer";
				COPY_PHASE_STRIP = NO;
				DEBUG_INFORMATION_FORMAT = "dwarf-with-dsym";
				ENABLE_NS_ASSERTIONS = NO;
				ENABLE_STRICT_OBJC_MSGSEND = YES;
				GCC_C_LANGUAGE_STANDARD = gnu11;
				GCC_NO_COMMON_BLOCKS = YES;
				GCC_WARN_64_TO_32_BIT_CONVERSION = YES;
				GCC_WARN_ABOUT_RETURN_TYPE = YES_ERROR;
				GCC_WARN_UNDECLARED_SELECTOR = YES;
				GCC_WARN_UNINITIALIZED_AUTOS = YES_AGGRESSIVE;
				GCC_WARN_UNUSED_FUNCTION = YES;
				GCC_WARN_UNUSED_VARIABLE = YES;
				IPHONEOS_DEPLOYMENT_TARGET = 12.0;
				MTL_ENABLE_DEBUG_INFO = NO;
				MTL_FAST_MATH = YES;
				SDKROOT = iphoneos;
				SWIFT_COMPILATION_MODE = wholemodule;
				SWIFT_OPTIMIZATION_LEVEL = "-O";
				VALIDATE_PRODUCT = YES;
			};
			name = Release;
		};
		6A41C59D2167781700A02C47 /* Debug */ = {
			isa = XCBuildConfiguration;
			buildSettings = {
				ASSETCATALOG_COMPILER_APPICON_NAME = AppIcon;
				CODE_SIGN_STYLE = Automatic;
				DEVELOPMENT_TEAM = YLUGDDXK75;
				INFOPLIST_FILE = ListToDo/Info.plist;
				LD_RUNPATH_SEARCH_PATHS = (
					"$(inherited)",
					"@executable_path/Frameworks",
				);
				PRODUCT_BUNDLE_IDENTIFIER = w.olasiewicz.ListToDo;
				PRODUCT_NAME = "$(TARGET_NAME)";
				SWIFT_VERSION = 4.2;
				TARGETED_DEVICE_FAMILY = "1,2";
			};
			name = Debug;
		};
		6A41C59E2167781700A02C47 /* Release */ = {
			isa = XCBuildConfiguration;
			buildSettings = {
				ASSETCATALOG_COMPILER_APPICON_NAME = AppIcon;
				CODE_SIGN_STYLE = Automatic;
				DEVELOPMENT_TEAM = YLUGDDXK75;
				INFOPLIST_FILE = ListToDo/Info.plist;
				LD_RUNPATH_SEARCH_PATHS = (
					"$(inherited)",
					"@executable_path/Frameworks",
				);
				PRODUCT_BUNDLE_IDENTIFIER = w.olasiewicz.ListToDo;
				PRODUCT_NAME = "$(TARGET_NAME)";
				SWIFT_VERSION = 4.2;
				TARGETED_DEVICE_FAMILY = "1,2";
			};
			name = Release;
		};
/* End XCBuildConfiguration section */

/* Begin XCConfigurationList section */
		6A41C5852167781400A02C47 /* Build configuration list for PBXProject "ListToDo" */ = {
			isa = XCConfigurationList;
			buildConfigurations = (
				6A41C59A2167781700A02C47 /* Debug */,
				6A41C59B2167781700A02C47 /* Release */,
			);
			defaultConfigurationIsVisible = 0;
			defaultConfigurationName = Release;
		};
		6A41C59C2167781700A02C47 /* Build configuration list for PBXNativeTarget "ListToDo" */ = {
			isa = XCConfigurationList;
			buildConfigurations = (
				6A41C59D2167781700A02C47 /* Debug */,
				6A41C59E2167781700A02C47 /* Release */,
			);
			defaultConfigurationIsVisible = 0;
			defaultConfigurationName = Release;
		};
/* End XCConfigurationList section */
	};
	rootObject = 6A41C5822167781400A02C47 /* Project object */;
}
